darvaza.org/core v0.18.0 h1:R2jJtH+dbCn8uT5mHIUpnVIR9p+J2zBVN38eJ12Rhvg=
darvaza.org/core v0.18.0/go.mod h1:kc6mS+nBKf4FMbGQ1OqOEkMt58gpX4qzs8eYiMH99ME=
darvaza.org/core v0.18.1 h1:d7yqVGRSj8ZNy1cLaY/7cSZQAZ9+yeTw8p+PI8iCmWA=
darvaza.org/core v0.18.1/go.mod h1:kc6mS+nBKf4FMbGQ1OqOEkMt58gpX4qzs8eYiMH99ME=
darvaza.org/slog v0.7.7 h1:VPq3sF6wNCfLjcVo46IhyrQM/1EBKNfvvOMYtm3wDyY=
darvaza.org/slog v0.7.7/go.mod h1:rO12rzZt2iW0JLYvgRSl8qKskiIY+rFHB3i6HJnywo4=
darvaza.org/slog/handlers/discard v0.6.1 h1:a7TkUXLW2Lhmpn8cClqY0wr7cl6nkT6LvmtaXRe/fe4=
darvaza.org/slog/handlers/discard v0.6.1/go.mod h1:JS6tnHu5LldHsaE/jRTFFstjh6vraUC0ePolMEGA58M=
darvaza.org/x/config v0.5.0 h1:heY9P3kwrI1WG9binIRR7LaKlzr078fLscDMoyyN+3M=
darvaza.org/x/config v0.5.0/go.mod h1:R5OAKws1MZzRUta0bfYml9Q0wStclIDBjwRFl3qlG84=
darvaza.org/x/container v0.3.1 h1:1/aZbM0aG/e7f4iV4bhAk68dMCjjIdI7fAl+DBt2Ulo=
darvaza.org/x/container v0.3.1/go.mod h1:DIkVUe2ASYIriAsI9rFc0Nb0ugwmFBh026M9x3DUreg=
darvaza.org/x/fs v0.5.0 h1:PPCBexMioMP/oyeIkSSxpS1tdXW8Jhr4ZQVvQ5jpO3I=
darvaza.org/x/fs v0.5.0/go.mod h1:m26uoy3qjg8rBbxQjfXME3uTKUAjtdyT/Wn9Ws26ndo=
darvaza.org/x/net v0.6.0 h1:wfom7E3r6P0oq07zDJdB5Cwr+rW6Mdec56RaWQWIY4c=
darvaza.org/x/net v0.6.0/go.mod h1:JMHOhihg8p+AehRJR5Iw7n0CeBDiQeLAml6nV3e49rE=
darvaza.org/x/sync v0.3.0 h1:Y+1TCLf9PY7WOeej5g3Wpx1rhD6Eq/Q7Odb8y9ZKiUU=
darvaza.org/x/sync v0.3.0/go.mod h1:6ILN6xwtn3Tvn6kEG3B58taBPEowof+cpsB9dgyzy4o=
github.com/amery/defaults v0.1.0 h1:4AhTgLUnj8BPjVRBzg4+/cSCwPWPT6+yWCM4rD6Feyc=
github.com/amery/defaults v0.1.0/go.mod h1:duOYkvd60q8XOL1+vdSHx5ABTGDMU2iFKr5xJnMEpBk=
github.com/davecgh/go-spew v1.1.1 h1:vj9j/u1bqnvCEfJOwUhtlOARqs3+rkHYY13jYWTU97c=
github.com/davecgh/go-spew v1.1.1/go.mod h1:J7Y8YcW2NihsgmVo/mv3lAwl/skON4iLHjSsI+c5H38=
github.com/gabriel-vasile/mimetype v1.4.9 h1:5k+WDwEsD9eTLL8Tz3L0VnmVh9QxGjRmjBvAG7U/oYY=
github.com/gabriel-vasile/mimetype v1.4.9/go.mod h1:WnSQhFKJuBlRyLiKohA/2DtIlPFAbguNaG7QCHcyGok=
github.com/go-playground/assert/v2 v2.2.0 h1:JvknZsQTYeFEAhQwI4qEt9cyV5ONwRHC+lYKSsYSR8s=
github.com/go-playground/assert/v2 v2.2.0/go.mod h1:VDjEfimB/XKnb+ZQfWdccd7VUvScMdVu0Titje2rxJ4=
github.com/go-playground/locales v0.14.1 h1:EWaQ/wswjilfKLTECiXz7Rh+3BjFhfDFKv/oXslEjJA=
github.com/go-playground/locales v0.14.1/go.mod h1:hxrqLVvrK65+Rwrd5Fc6F2O76J/NuW9t0sjnWqG1slY=
github.com/go-playground/universal-translator v0.18.1 h1:Bcnm0ZwsGyWbCzImXv+pAJnYK9S473LQFuzCbDbfSFY=
github.com/go-playground/universal-translator v0.18.1/go.mod h1:xekY+UJKNuX9WP91TpwSH2VMlDf28Uj24BCp08ZFTUY=
github.com/go-playground/validator/v10 v10.27.0 h1:w8+XrWVMhGkxOaaowyKH35gFydVHOvC0/uWoy2Fzwn4=
github.com/go-playground/validator/v10 v10.27.0/go.mod h1:I5QpIEbmr8On7W0TktmJAumgzX4CA1XNl4ZmDuVHKKo=
github.com/gobwas/glob v0.2.3 h1:A4xDbljILXROh+kObIiy5kIaPYD8e96x1tgBhUI5J+Y=
github.com/gobwas/glob v0.2.3/go.mod h1:d3Ez4x06l9bZtSvzIay5+Yzi0fmZzPgnTbPcKjJAkT8=
github.com/google/go-cmp v0.5.5 h1:Khx7svrCpmxxtHBq5j2mp/xVjsi8hQMfNLvJFAlrGgU=
github.com/google/go-cmp v0.5.5/go.mod h1:v8dTdLbMG2kIc/vJvl+f65V22dbkXbowE6jgT/gNBxE=
github.com/leodido/go-urn v1.4.0 h1:WT9HwE9SGECu3lg4d/dIA+jxlljEa1/ffXKmRjqdmIQ=
github.com/leodido/go-urn v1.4.0/go.mod h1:bvxc+MVxLKB4z00jd1z+Dvzr47oO32F/QSNjSBOlFxI=
github.com/pmezard/go-difflib v1.0.0 h1:4DBwDE0NGyQoBHbLQYPwSUPoCMWR5BEzIk/f1lZbAQM=
github.com/pmezard/go-difflib v1.0.0/go.mod h1:iKH77koFhYxTK1pcRnkKkqfTogsbg7gZNVY4sRDYZ/4=
github.com/rs/xid v1.6.0 h1:fV591PaemRlL6JfRxGDEPl69wICngIQ3shQtzfy2gxU=
github.com/rs/xid v1.6.0/go.mod h1:7XoLgs4eV+QndskICGsho+ADou8ySMSjJKDIan90Nz0=
github.com/stretchr/testify v1.10.0 h1:Xv5erBjTwe/5IxqUQTdXv5kgmIvbHo3QQyRwhJsOfJA=
github.com/stretchr/testify v1.10.0/go.mod h1:r2ic/lqez/lEtzL7wO/rwa5dbSLXVDPFyf8C91i36aY=
golang.org/x/crypto v0.40.0 h1:r4x+VvoG5Fm+eJcxMaY8CQM7Lb0l1lsmjGBQ6s8BfKM=
golang.org/x/crypto v0.40.0/go.mod h1:Qr1vMER5WyS2dfPHAlsOj01wgLbsyWtFn/aY+5+ZdxY=
golang.org/x/net v0.42.0 h1:jzkYrhi3YQWD6MLBJcsklgQsoAcw89EcZbJw8Z614hs=
golang.org/x/net v0.42.0/go.mod h1:FF1RA5d3u7nAYA4z2TkclSCKh68eSXtiFwcWQpPXdt8=
golang.org/x/sys v0.34.0 h1:H5Y5sJ2L2JRdyv7ROF1he/lPdvFsd0mJHFw2ThKHxLA=
golang.org/x/sys v0.34.0/go.mod h1:BJP2sWEmIv4KK5OTEluFJCKSidICx8ciO85XgH3Ak8k=
golang.org/x/text v0.27.0 h1:4fGWRpyh641NLlecmyl4LOe6yDdfaYNrGb2zdfo4JV4=
golang.org/x/text v0.27.0/go.mod h1:1D28KMCvyooCX9hBiosv5Tz/+YLxj0j7XhWjpSUF7CU=
golang.org/x/xerrors v0.0.0-20191204190536-9bdfabe68543 h1:E7g+9GITq07hpfrRu66IVDexMakfv52eLZ2CXBWiKr4=
golang.org/x/xerrors v0.0.0-20191204190536-9bdfabe68543/go.mod h1:I/5z698sn9Ka8TeJc9MKroUUfqBBauWjQqLJ2OPfmY0=
google.golang.org/protobuf v1.36.7 h1:IgrO7UwFQGJdRNXH/sQux4R1Dj1WAKcLElzeeRaXV2A=
google.golang.org/protobuf v1.36.7/go.mod h1:jduwjTPXsFjZGTmRluh+L6NjiWu7pchiJ2/5YcXBHnY=
gopkg.in/yaml.v3 v3.0.1 h1:fxVm/GzAzEWqLHuvctI91KS9hhNmmWOoWu0XTYJS7CA=
gopkg.in/yaml.v3 v3.0.1/go.mod h1:K4uyk7z7BCEPqu6E+C64Yfv1cQ7kz7rIZviUmN+EgEM=
protomcp.org/nanorpc/pkg/nanopb v0.2.1 h1:HIYGKtmBaK65FP9+yVo2e9TFbQlq7eFc8nJCr6wSH/A=
protomcp.org/nanorpc/pkg/nanopb v0.2.1/go.mod h1:4F8lBMv8Qc5+HOL0CFFfI9/hJNRltW1yKsjfPK0vzjw=
