darvaza.org/core v0.19.0 h1:vK56K+4DyvaiFjB5iifzt6BwsldDOWcV2Dut6H0T958=
darvaza.org/core v0.19.0/go.mod h1:8+rhinVhCzJf814uPOYFRmj1D+8mO7bkbo/hrK0Lmkk=
darvaza.org/slog v0.9.0 h1:4rDJ157J2OPhV66hulXkCZRlAPOBkULowgXtJmJZEs8=
darvaza.org/slog v0.9.0/go.mod h1:k2vMkKtZNGXo46uo+YVIsFZa4oYQqvvI6Y6IE1h9QHM=
darvaza.org/slog/handlers/discard v0.7.0 h1:iqALaFsTCPs5roN17chwAd/9VVA+8Xq00EUlxte2zKQ=
darvaza.org/slog/handlers/discard v0.7.0/go.mod h1:4++w0cXiihdIWHCRALwgQvqYHxzit+4na59avUIgYuM=
darvaza.org/x/config v0.6.0 h1:iAG+YUZDICY7w8WRTbiw3jbJzZDSz+qnoqzWmAc3mbY=
darvaza.org/x/config v0.6.0/go.mod h1:qG9vNI/G0LzU8y18uEzxk1UWPgouMPOge6Gz82lF/uA=
darvaza.org/x/container v0.4.0 h1:p2Jq1vZcYLCD58pg+wZHNbw78+u6kaw2Zt8t/JB9P3A=
darvaza.org/x/container v0.4.0/go.mod h1:3Z86IEaohhn0QsPkFUH+8p6zA2OoKBcSfXiOfp1E9/s=
darvaza.org/x/fs v0.6.0 h1:aCpfoFxji3l5S8RlfJJ+EPUnLAPPghkSwzumOG0TFMQ=
darvaza.org/x/fs v0.6.0/go.mod h1:j/Foi0YnxEpMU0ynhJHecD2F22w3Q8G7yMKXv8OtJZc=
darvaza.org/x/net v0.7.0 h1:zpZ42MeswB+PQHMPst0rrJmXDrgcDRBTA1fIfWYh8rM=
darvaza.org/x/net v0.7.0/go.mod h1:3JTmck8oyG0rm390OVyYJUK7hskZwgu8PgjBIWnxdc8=
darvaza.org/x/sync v0.4.0 h1:5K5HV5kKkQp2elP9/s7QPtgmZQCuNXQaM2RpoCX0apM=
darvaza.org/x/sync v0.4.0/go.mod h1:avVQExBcLV+A471ebLF0miDRQ23o1EH17Dazre35H/M=
github.com/amery/defaults v0.1.0 h1:4AhTgLUnj8BPjVRBzg4+/cSCwPWPT6+yWCM4rD6Feyc=
github.com/amery/defaults v0.1.0/go.mod h1:duOYkvd60q8XOL1+vdSHx5ABTGDMU2iFKr5xJnMEpBk=
github.com/davecgh/go-spew v1.1.1 h1:vj9j/u1bqnvCEfJOwUhtlOARqs3+rkHYY13jYWTU97c=
github.com/davecgh/go-spew v1.1.1/go.mod h1:J7Y8YcW2NihsgmVo/mv3lAwl/skON4iLHjSsI+c5H38=
github.com/gabriel-vasile/mimetype v1.4.9 h1:5k+WDwEsD9eTLL8Tz3L0VnmVh9QxGjRmjBvAG7U/oYY=
github.com/gabriel-vasile/mimetype v1.4.9/go.mod h1:WnSQhFKJuBlRyLiKohA/2DtIlPFAbguNaG7QCHcyGok=
github.com/go-playground/assert/v2 v2.2.0 h1:JvknZsQTYeFEAhQwI4qEt9cyV5ONwRHC+lYKSsYSR8s=
github.com/go-playground/assert/v2 v2.2.0/go.mod h1:VDjEfimB/XKnb+ZQfWdccd7VUvScMdVu0Titje2rxJ4=
github.com/go-playground/locales v0.14.1 h1:EWaQ/wswjilfKLTECiXz7Rh+3BjFhfDFKv/oXslEjJA=
github.com/go-playground/locales v0.14.1/go.mod h1:hxrqLVvrK65+Rwrd5Fc6F2O76J/NuW9t0sjnWqG1slY=
github.com/go-playground/universal-translator v0.18.1 h1:Bcnm0ZwsGyWbCzImXv+pAJnYK9S473LQFuzCbDbfSFY=
github.com/go-playground/universal-translator v0.18.1/go.mod h1:xekY+UJKNuX9WP91TpwSH2VMlDf28Uj24BCp08ZFTUY=
github.com/go-playground/validator/v10 v10.27.0 h1:w8+XrWVMhGkxOaaowyKH35gFydVHOvC0/uWoy2Fzwn4=
github.com/go-playground/validator/v10 v10.27.0/go.mod h1:I5QpIEbmr8On7W0TktmJAumgzX4CA1XNl4ZmDuVHKKo=
github.com/gobwas/glob v0.2.3 h1:A4xDbljILXROh+kObIiy5kIaPYD8e96x1tgBhUI5J+Y=
github.com/gobwas/glob v0.2.3/go.mod h1:d3Ez4x06l9bZtSvzIay5+Yzi0fmZzPgnTbPcKjJAkT8=
github.com/google/go-cmp v0.5.5 h1:Khx7svrCpmxxtHBq5j2mp/xVjsi8hQMfNLvJFAlrGgU=
github.com/google/go-cmp v0.5.5/go.mod h1:v8dTdLbMG2kIc/vJvl+f65V22dbkXbowE6jgT/gNBxE=
github.com/leodido/go-urn v1.4.0 h1:WT9HwE9SGECu3lg4d/dIA+jxlljEa1/ffXKmRjqdmIQ=
github.com/leodido/go-urn v1.4.0/go.mod h1:bvxc+MVxLKB4z00jd1z+Dvzr47oO32F/QSNjSBOlFxI=
github.com/pmezard/go-difflib v1.0.0 h1:4DBwDE0NGyQoBHbLQYPwSUPoCMWR5BEzIk/f1lZbAQM=
github.com/pmezard/go-difflib v1.0.0/go.mod h1:iKH77koFhYxTK1pcRnkKkqfTogsbg7gZNVY4sRDYZ/4=
github.com/rs/xid v1.6.0 h1:fV591PaemRlL6JfRxGDEPl69wICngIQ3shQtzfy2gxU=
github.com/rs/xid v1.6.0/go.mod h1:7XoLgs4eV+QndskICGsho+ADou8ySMSjJKDIan90Nz0=
github.com/stretchr/testify v1.10.0 h1:Xv5erBjTwe/5IxqUQTdXv5kgmIvbHo3QQyRwhJsOfJA=
github.com/stretchr/testify v1.10.0/go.mod h1:r2ic/lqez/lEtzL7wO/rwa5dbSLXVDPFyf8C91i36aY=
golang.org/x/crypto v0.48.0 h1:/VRzVqiRSggnhY7gNRxPauEQ5Drw9haKdM0jqfcCFts=
golang.org/x/crypto v0.48.0/go.mod h1:r0kV5h3qnFPlQnBSrULhlsRfryS2pmewsg+XfMgkVos=
golang.org/x/net v0.50.0 h1:ucWh9eiCGyDR3vtzso0WMQinm2Dnt8cFMuQa9K33J60=
golang.org/x/net v0.50.0/go.mod h1:UgoSli3F/pBgdJBHCTc+tp3gmrU4XswgGRgtnwWTfyM=
golang.org/x/sys v0.41.0 h1:Ivj+2Cp/ylzLiEU89QhWblYnOE9zerudt9Ftecq2C6k=
golang.org/x/sys v0.41.0/go.mod h1:OgkHotnGiDImocRcuBABYBEXf8A9a87e/uXjp9XT3ks=
golang.org/x/text v0.34.0 h1:oL/Qq0Kdaqxa1KbNeMKwQq0reLCCaFtqu2eNuSeNHbk=
golang.org/x/text v0.34.0/go.mod h1:homfLqTYRFyVYemLBFl5GgL/DWEiH5wcsQ5gSh1yziA=
golang.org/x/xerrors v0.0.0-20191204190536-9bdfabe68543 h1:E7g+9GITq07hpfrRu66IVDexMakfv52eLZ2CXBWiKr4=
golang.org/x/xerrors v0.0.0-20191204190536-9bdfabe68543/go.mod h1:I/5z698sn9Ka8TeJc9MKroUUfqBBauWjQqLJ2OPfmY0=
google.golang.org/protobuf v1.36.9 h1:w2gp2mA27hUeUzj9Ex9FBjsBm40zfaDtEWow293U7Iw=
google.golang.org/protobuf v1.36.9/go.mod h1:fuxRtAxBytpl4zzqUh6/eyUujkJdNiuEkXntxiD/uRU=
gopkg.in/yaml.v3 v3.0.1 h1:fxVm/GzAzEWqLHuvctI91KS9hhNmmWOoWu0XTYJS7CA=
gopkg.in/yaml.v3 v3.0.1/go.mod h1:K4uyk7z7BCEPqu6E+C64Yfv1cQ7kz7rIZviUmN+EgEM=
protomcp.org/nanorpc/pkg/nanopb v0.2.1 h1:HIYGKtmBaK65FP9+yVo2e9TFbQlq7eFc8nJCr6wSH/A=
protomcp.org/nanorpc/pkg/nanopb v0.2.1/go.mod h1:4F8lBMv8Qc5+HOL0CFFfI9/hJNRltW1yKsjfPK0vzjw=
