github.com/amery/protogen v0.3.11 h1:guV6dwhCCDvRWOGD/Uptuy5zUrXQSb5QL8GH71Z0qBY=
github.com/amery/protogen v0.3.11/go.mod h1:PJNBRLYoKd157/c1yokxkF5JJ6x2ZjmmEHvL258vKm4=
github.com/google/go-cmp v0.6.0 h1:ofyhxvXcZhMsU5ulbFiLKl/XBFqE1GSq7atu8tAmTRI=
github.com/google/go-cmp v0.6.0/go.mod h1:17dUlkBOakJ0+DkrSSNjCkIjxS6bF9zb3elmeNGIjoY=
google.golang.org/protobuf v1.35.1 h1:m3LfL6/Ca+fqnjnlqQXNpFPABW1UD7mjh8KO2mKFytA=
google.golang.org/protobuf v1.35.1/go.mod h1:9fA7Ob0pmnwhb644+1+CVWFRbNajQ6iRojtC/QF5bRE=
