darvaza.org/core v0.19.1 h1:Ea6zFi2STXt4QC7Jbu1/unUo5Kd/OX65flZgeNw2iOY=
darvaza.org/core v0.19.1/go.mod h1:8+rhinVhCzJf814uPOYFRmj1D+8mO7bkbo/hrK0Lmkk=
github.com/amery/protogen v0.3.11 h1:guV6dwhCCDvRWOGD/Uptuy5zUrXQSb5QL8GH71Z0qBY=
github.com/amery/protogen v0.3.11/go.mod h1:PJNBRLYoKd157/c1yokxkF5JJ6x2ZjmmEHvL258vKm4=
github.com/google/go-cmp v0.7.0 h1:wk8382ETsv4JYUZwIsn6YpYiWiBsYLSJiTsyBybVuN8=
github.com/google/go-cmp v0.7.0/go.mod h1:pXiqmnSA92OHEEa9HXL2W4E7lf9JzCmGVUdgjX3N/iU=
golang.org/x/net v0.50.0 h1:ucWh9eiCGyDR3vtzso0WMQinm2Dnt8cFMuQa9K33J60=
golang.org/x/net v0.50.0/go.mod h1:UgoSli3F/pBgdJBHCTc+tp3gmrU4XswgGRgtnwWTfyM=
golang.org/x/text v0.34.0 h1:oL/Qq0Kdaqxa1KbNeMKwQq0reLCCaFtqu2eNuSeNHbk=
golang.org/x/text v0.34.0/go.mod h1:homfLqTYRFyVYemLBFl5GgL/DWEiH5wcsQ5gSh1yziA=
google.golang.org/protobuf v1.36.11 h1:fV6ZwhNocDyBLK0dj+fg8ektcVegBBuEolpbTQyBNVE=
google.golang.org/protobuf v1.36.11/go.mod h1:HTf+CrKn2C3g5S8VImy6tdcUvCska2kB7j23XfzDpco=
